
Microsoft Visual Studio Solution File, Format Version 12.00
# Visual Studio Version 16
VisualStudioVersion = 16.0.30011.22
MinimumVisualStudioVersion = 10.0.40219.1
Project("{FAE04EC0-301F-11D3-BF4B-00C04F79EFBC}") = "Desafio01", "Desafio01.csproj", "{0299D8D4-66F1-4F26-AF0D-CA2AE1BC6F22}"
EndProject
Global
	GlobalSection(SolutionConfigurationPlatforms) = preSolution
		Debug|Any CPU = Debug|Any CPU
		Release|Any CPU = Release|Any CPU
	EndGlobalSection
	GlobalSection(ProjectConfigurationPlatforms) = postSolution
		{0299D8D4-66F1-4F26-AF0D-CA2AE1BC6F22}.Debug|Any CPU.ActiveCfg = Debug|Any CPU
		{0299D8D4-66F1-4F26-AF0D-CA2AE1BC6F22}.Debug|Any CPU.Build.0 = Debug|Any CPU
		{0299D8D4-66F1-4F26-AF0D-CA2AE1BC6F22}.Release|Any CPU.ActiveCfg = Release|Any CPU
		{0299D8D4-66F1-4F26-AF0D-CA2AE1BC6F22}.Release|Any CPU.Build.0 = Release|Any CPU
	EndGlobalSection
	GlobalSection(SolutionProperties) = preSolution
		HideSolutionNode = FALSE
	EndGlobalSection
	GlobalSection(ExtensibilityGlobals) = postSolution
		SolutionGuid = {B10693F3-A69E-4E25-A361-662C92039D18}
	EndGlobalSection
EndGlobal
